{
  "name": "Hanzipropis",
  "lockfileVersion": 3,
  "requires": true,
  "packages": {
    "": {
      "dependencies": {
        "hanzi-writer": "3.7",
        "hanzi-writer-data": "^2.0.1",
        "pinyin-pro": "^3.26.0"
      }
    },
    "node_modules/hanzi-writer": {
      "version": "3.7.3",
      "resolved": "https://registry.npmjs.org/hanzi-writer/-/hanzi-writer-3.7.3.tgz",
      "integrity": "sha512-fdOFrb1cXWL/pV/oplJkcdziCvjJzhhf+qoIBm5IpVGxPBZEu4eLB6ZG5RJDbKXyNbNlyx8oIpa3XrcUBcSXpg==",
      "license": "MIT"
    },
    "node_modules/hanzi-writer-data": {
      "version": "2.0.1",
      "resolved": "https://registry.npmjs.org/hanzi-writer-data/-/hanzi-writer-data-2.0.1.tgz",
      "integrity": "sha512-nbQwM+MaryGoq7pBMIZLCd3lFq03nXuJuwku1+6UbjL58uU+9OULVcMkoNvNuJSoIV7f1bbPRfD4D/LQa5S7qg==",
      "license": "SEE LICENSE IN ARPHICPL.TXT"
    },
    "node_modules/pinyin-pro": {
      "version": "3.26.0",
      "resolved": "https://registry.npmjs.org/pinyin-pro/-/pinyin-pro-3.26.0.tgz",
      "integrity": "sha512-HcBZZb0pvm0/JkPhZHWA5Hqp2cWHXrrW/WrV+OtaYYM+kf35ffvZppIUuGmyuQ7gDr1JDJKMkbEE+GN0wfMoGg==",
      "license": "MIT"
    }
  }
}
